
Microsoft Visual Studio Solution File, Format Version 12.00
# Visual Studio Version 16
VisualStudioVersion = 16.0.31702.278
MinimumVisualStudioVersion = 10.0.40219.1
Project("{FAE04EC0-301F-11D3-BF4B-00C04F79EFBC}") = "sudokuCLI", "sudokuCLI\sudokuCLI.csproj", "{B9E26753-5C40-4716-A7A7-35091EE2EE1D}"
EndProject
Global
	GlobalSection(SolutionConfigurationPlatforms) = preSolution
		Debug|Any CPU = Debug|Any CPU
		Release|Any CPU = Release|Any CPU
	EndGlobalSection
	GlobalSection(ProjectConfigurationPlatforms) = postSolution
		{B9E26753-5C40-4716-A7A7-35091EE2EE1D}.Debug|Any CPU.ActiveCfg = Debug|Any CPU
		{B9E26753-5C40-4716-A7A7-35091EE2EE1D}.Debug|Any CPU.Build.0 = Debug|Any CPU
		{B9E26753-5C40-4716-A7A7-35091EE2EE1D}.Release|Any CPU.ActiveCfg = Release|Any CPU
		{B9E26753-5C40-4716-A7A7-35091EE2EE1D}.Release|Any CPU.Build.0 = Release|Any CPU
	EndGlobalSection
	GlobalSection(SolutionProperties) = preSolution
		HideSolutionNode = FALSE
	EndGlobalSection
	GlobalSection(ExtensibilityGlobals) = postSolution
		SolutionGuid = {02A91A44-EA36-4B34-B788-54E164C3729F}
	EndGlobalSection
EndGlobal
