
Microsoft Visual Studio Solution File, Format Version 12.00
# Visual Studio Version 16
VisualStudioVersion = 16.0.31702.278
MinimumVisualStudioVersion = 10.0.40219.1
Project("{FAE04EC0-301F-11D3-BF4B-00C04F79EFBC}") = "fejviras", "fejviras\fejviras.csproj", "{DAF43B7A-EC05-40F7-A02B-A316F39BC262}"
EndProject
Global
	GlobalSection(SolutionConfigurationPlatforms) = preSolution
		Debug|Any CPU = Debug|Any CPU
		Release|Any CPU = Release|Any CPU
	EndGlobalSection
	GlobalSection(ProjectConfigurationPlatforms) = postSolution
		{DAF43B7A-EC05-40F7-A02B-A316F39BC262}.Debug|Any CPU.ActiveCfg = Debug|Any CPU
		{DAF43B7A-EC05-40F7-A02B-A316F39BC262}.Debug|Any CPU.Build.0 = Debug|Any CPU
		{DAF43B7A-EC05-40F7-A02B-A316F39BC262}.Release|Any CPU.ActiveCfg = Release|Any CPU
		{DAF43B7A-EC05-40F7-A02B-A316F39BC262}.Release|Any CPU.Build.0 = Release|Any CPU
	EndGlobalSection
	GlobalSection(SolutionProperties) = preSolution
		HideSolutionNode = FALSE
	EndGlobalSection
	GlobalSection(ExtensibilityGlobals) = postSolution
		SolutionGuid = {B99DDB91-C2A4-43DE-8AD2-9CA25C266F62}
	EndGlobalSection
EndGlobal
