
Microsoft Visual Studio Solution File, Format Version 12.00
# Visual Studio Version 16
VisualStudioVersion = 16.0.31702.278
MinimumVisualStudioVersion = 10.0.40219.1
Project("{FAE04EC0-301F-11D3-BF4B-00C04F79EFBC}") = "123", "123\123.csproj", "{D6DCCC40-3660-478E-98A5-597C3B36755C}"
EndProject
Global
	GlobalSection(SolutionConfigurationPlatforms) = preSolution
		Debug|Any CPU = Debug|Any CPU
		Release|Any CPU = Release|Any CPU
	EndGlobalSection
	GlobalSection(ProjectConfigurationPlatforms) = postSolution
		{D6DCCC40-3660-478E-98A5-597C3B36755C}.Debug|Any CPU.ActiveCfg = Debug|Any CPU
		{D6DCCC40-3660-478E-98A5-597C3B36755C}.Debug|Any CPU.Build.0 = Debug|Any CPU
		{D6DCCC40-3660-478E-98A5-597C3B36755C}.Release|Any CPU.ActiveCfg = Release|Any CPU
		{D6DCCC40-3660-478E-98A5-597C3B36755C}.Release|Any CPU.Build.0 = Release|Any CPU
	EndGlobalSection
	GlobalSection(SolutionProperties) = preSolution
		HideSolutionNode = FALSE
	EndGlobalSection
	GlobalSection(ExtensibilityGlobals) = postSolution
		SolutionGuid = {E57545F6-FBFC-404E-A54F-7376C97380C6}
	EndGlobalSection
EndGlobal
